// !$*UTF8*$!
{
	archiveVersion = 1;
	classes = {
	};
	objectVersion = 50;
	objects = {

/* Begin PBXBuildFile section */
		923FA54A25A312D80006ACA5 /* AppDelegate.swift in Sources */ = {isa = PBXBuildFile; fileRef = 923FA54925A312D80006ACA5 /* AppDelegate.swift */; };
		923FA54C25A312D80006ACA5 /* SceneDelegate.swift in Sources */ = {isa = PBXBuildFile; fileRef = 923FA54B25A312D80006ACA5 /* SceneDelegate.swift */; };
		923FA54E25A312D80006ACA5 /* ViewController.swift in Sources */ = {isa = PBXBuildFile; fileRef = 923FA54D25A312D80006ACA5 /* ViewController.swift */; };
		923FA55125A312D80006ACA5 /* Main.storyboard in Resources */ = {isa = PBXBuildFile; fileRef = 923FA54F25A312D80006ACA5 /* Main.storyboard */; };
		923FA55325A312DE0006ACA5 /* Assets.xcassets in Resources */ = {isa = PBXBuildFile; fileRef = 923FA55225A312DE0006ACA5 /* Assets.xcassets */; };
		923FA55625A312DE0006ACA5 /* LaunchScreen.storyboard in Resources */ = {isa = PBXBuildFile; fileRef = 923FA55425A312DE0006ACA5 /* LaunchScreen.storyboard */; };
		924BEBD125AC3AF400438B8A /* TaskViewController.swift in Sources */ = {isa = PBXBuildFile; fileRef = 924BEBD025AC3AF400438B8A /* TaskViewController.swift */; };
		924BEBD825AC454100438B8A /* ToDo.swift in Sources */ = {isa = PBXBuildFile; fileRef = 924BEBD725AC454100438B8A /* ToDo.swift */; };
		9268D44D25A319080064DB5A /* ToDoTableViewController.swift in Sources */ = {isa = PBXBuildFile; fileRef = 9268D44C25A319080064DB5A /* ToDoTableViewController.swift */; };
/* End PBXBuildFile section */

/* Begin PBXFileReference section */
		923FA54625A312D80006ACA5 /* projet.app */ = {isa = PBXFileReference; explicitFileType = wrapper.application; includeInIndex = 0; path = projet.app; sourceTree = BUILT_PRODUCTS_DIR; };
		923FA54925A312D80006ACA5 /* AppDelegate.swift */ = {isa = PBXFileReference; lastKnownFileType = sourcecode.swift; path = AppDelegate.swift; sourceTree = "<group>"; };
		923FA54B25A312D80006ACA5 /* SceneDelegate.swift */ = {isa = PBXFileReference; lastKnownFileType = sourcecode.swift; path = SceneDelegate.swift; sourceTree = "<group>"; };
		923FA54D25A312D80006ACA5 /* ViewController.swift */ = {isa = PBXFileReference; lastKnownFileType = sourcecode.swift; path = ViewController.swift; sourceTree = "<group>"; };
		923FA55025A312D80006ACA5 /* Base */ = {isa = PBXFileReference; lastKnownFileType = file.storyboard; name = Base; path = Base.lproj/Main.storyboard; sourceTree = "<group>"; };
		923FA55225A312DE0006ACA5 /* Assets.xcassets */ = {isa = PBXFileReference; lastKnownFileType = folder.assetcatalog; path = Assets.xcassets; sourceTree = "<group>"; };
		923FA55525A312DE0006ACA5 /* Base */ = {isa = PBXFileReference; lastKnownFileType = file.storyboard; name = Base; path = Base.lproj/LaunchScreen.storyboard; sourceTree = "<group>"; };
		923FA55725A312DE0006ACA5 /* Info.plist */ = {isa = PBXFileReference; lastKnownFileType = text.plist.xml; path = Info.plist; sourceTree = "<group>"; };
		924BEBD025AC3AF400438B8A /* TaskViewController.swift */ = {isa = PBXFileReference; lastKnownFileType = sourcecode.swift; path = TaskViewController.swift; sourceTree = "<group>"; };
		924BEBD725AC454100438B8A /* ToDo.swift */ = {isa = PBXFileReference; lastKnownFileType = sourcecode.swift; path = ToDo.swift; sourceTree = "<group>"; };
		9268D44C25A319080064DB5A /* ToDoTableViewController.swift */ = {isa = PBXFileReference; lastKnownFileType = sourcecode.swift; path = ToDoTableViewController.swift; sourceTree = "<group>"; };
/* End PBXFileReference section */

/* Begin PBXFrameworksBuildPhase section */
		923FA54325A312D80006ACA5 /* Frameworks */ = {
			isa = PBXFrameworksBuildPhase;
			buildActionMask = 2147483647;
			files = (
			);
			runOnlyForDeploymentPostprocessing = 0;
		};
/* End PBXFrameworksBuildPhase section */

/* Begin PBXGroup section */
		923FA53D25A312D80006ACA5 = {
			isa = PBXGroup;
			children = (
				923FA54825A312D80006ACA5 /* projet */,
				923FA54725A312D80006ACA5 /* Products */,
			);
			sourceTree = "<group>";
		};
		923FA54725A312D80006ACA5 /* Products */ = {
			isa = PBXGroup;
			children = (
				923FA54625A312D80006ACA5 /* projet.app */,
			);
			name = Products;
			sourceTree = "<group>";
		};
		923FA54825A312D80006ACA5 /* projet */ = {
			isa = PBXGroup;
			children = (
				923FA54925A312D80006ACA5 /* AppDelegate.swift */,
				923FA54B25A312D80006ACA5 /* SceneDelegate.swift */,
				923FA54D25A312D80006ACA5 /* ViewController.swift */,
				924BEBD725AC454100438B8A /* ToDo.swift */,
				923FA54F25A312D80006ACA5 /* Main.storyboard */,
				9268D44C25A319080064DB5A /* ToDoTableViewController.swift */,
				924BEBD025AC3AF400438B8A /* TaskViewController.swift */,
				923FA55225A312DE0006ACA5 /* Assets.xcassets */,
				923FA55425A312DE0006ACA5 /* LaunchScreen.storyboard */,
				923FA55725A312DE0006ACA5 /* Info.plist */,
			);
			path = projet;
			sourceTree = "<group>";
		};
/* End PBXGroup section */

/* Begin PBXNativeTarget section */
		923FA54525A312D80006ACA5 /* projet */ = {
			isa = PBXNativeTarget;
			buildConfigurationList = 923FA55A25A312DF0006ACA5 /* Build configuration list for PBXNativeTarget "projet" */;
			buildPhases = (
				923FA54225A312D80006ACA5 /* Sources */,
				923FA54325A312D80006ACA5 /* Frameworks */,
				923FA54425A312D80006ACA5 /* Resources */,
			);
			buildRules = (
			);
			dependencies = (
			);
			name = projet;
			productName = projet;
			productReference = 923FA54625A312D80006ACA5 /* projet.app */;
			productType = "com.apple.product-type.application";
		};
/* End PBXNativeTarget section */

/* Begin PBXProject section */
		923FA53E25A312D80006ACA5 /* Project object */ = {
			isa = PBXProject;
			attributes = {
				LastSwiftUpdateCheck = 1230;
				LastUpgradeCheck = 1230;
				TargetAttributes = {
					923FA54525A312D80006ACA5 = {
						CreatedOnToolsVersion = 12.3;
					};
				};
			};
			buildConfigurationList = 923FA54125A312D80006ACA5 /* Build configuration list for PBXProject "projet" */;
			compatibilityVersion = "Xcode 9.3";
			developmentRegion = en;
			hasScannedForEncodings = 0;
			knownRegions = (
				en,
				Base,
			);
			mainGroup = 923FA53D25A312D80006ACA5;
			productRefGroup = 923FA54725A312D80006ACA5 /* Products */;
			projectDirPath = "";
			projectRoot = "";
			targets = (
				923FA54525A312D80006ACA5 /* projet */,
			);
		};
/* End PBXProject section */

/* Begin PBXResourcesBuildPhase section */
		923FA54425A312D80006ACA5 /* Resources */ = {
			isa = PBXResourcesBuildPhase;
			buildActionMask = 2147483647;
			files = (
				923FA55625A312DE0006ACA5 /* LaunchScreen.storyboard in Resources */,
				923FA55325A312DE0006ACA5 /* Assets.xcassets in Resources */,
				923FA55125A312D80006ACA5 /* Main.storyboard in Resources */,
			);
			runOnlyForDeploymentPostprocessing = 0;
		};
/* End PBXResourcesBuildPhase section */

/* Begin PBXSourcesBuildPhase section */
		923FA54225A312D80006ACA5 /* Sources */ = {
			isa = PBXSourcesBuildPhase;
			buildActionMask = 2147483647;
			files = (
				923FA54E25A312D80006ACA5 /* ViewController.swift in Sources */,
				9268D44D25A319080064DB5A /* ToDoTableViewController.swift in Sources */,
				924BEBD125AC3AF400438B8A /* TaskViewController.swift in Sources */,
				924BEBD825AC454100438B8A /* ToDo.swift in Sources */,
				923FA54A25A312D80006ACA5 /* AppDelegate.swift in Sources */,
				923FA54C25A312D80006ACA5 /* SceneDelegate.swift in Sources */,
			);
			runOnlyForDeploymentPostprocessing = 0;
		};
/* End PBXSourcesBuildPhase section */

/* Begin PBXVariantGroup section */
		923FA54F25A312D80006ACA5 /* Main.storyboard */ = {
			isa = PBXVariantGroup;
			children = (
				923FA55025A312D80006ACA5 /* Base */,
			);
			name = Main.storyboard;
			sourceTree = "<group>";
		};
		923FA55425A312DE0006ACA5 /* LaunchScreen.storyboard */ = {
			isa = PBXVariantGroup;
			children = (
				923FA55525A312DE0006ACA5 /* Base */,
			);
			name = LaunchScreen.storyboard;
			sourceTree = "<group>";
		};
/* End PBXVariantGroup section */

/* Begin XCBuildConfiguration section */
		923FA55825A312DF0006ACA5 /* Debug */ = {
			isa = XCBuildConfiguration;
			buildSettings = {
				ALWAYS_SEARCH_USER_PATHS = NO;
				CLANG_ANALYZER_NONNULL = YES;
				CLANG_ANALYZER_NUMBER_OBJECT_CONVERSION = YES_AGGRESSIVE;
				CLANG_CXX_LANGUAGE_STANDARD = "gnu++14";
				CLANG_CXX_LIBRARY = "libc++";
				CLANG_ENABLE_MODULES = YES;
				CLANG_ENABLE_OBJC_ARC = YES;
				CLANG_ENABLE_OBJC_WEAK = YES;
				CLANG_WARN_BLOCK_CAPTURE_AUTORELEASING = YES;
				CLANG_WARN_BOOL_CONVERSION = YES;
				CLANG_WARN_COMMA = YES;
				CLANG_WARN_CONSTANT_CONVERSION = YES;
				CLANG_WARN_DEPRECATED_OBJC_IMPLEMENTATIONS = YES;
				CLANG_WARN_DIRECT_OBJC_ISA_USAGE = YES_ERROR;
				CLANG_WARN_DOCUMENTATION_COMMENTS = YES;
				CLANG_WARN_EMPTY_BODY = YES;
				CLANG_WARN_ENUM_CONVERSION = YES;
				CLANG_WARN_INFINITE_RECURSION = YES;
				CLANG_WARN_INT_CONVERSION = YES;
				CLANG_WARN_NON_LITERAL_NULL_CONVERSION = YES;
				CLANG_WARN_OBJC_IMPLICIT_RETAIN_SELF = YES;
				CLANG_WARN_OBJC_LITERAL_CONVERSION = YES;
				CLANG_WARN_OBJC_ROOT_CLASS = YES_ERROR;
				CLANG_WARN_QUOTED_INCLUDE_IN_FRAMEWORK_HEADER = YES;
				CLANG_WARN_RANGE_LOOP_ANALYSIS = YES;
				CLANG_WARN_STRICT_PROTOTYPES = YES;
				CLANG_WARN_SUSPICIOUS_MOVE = YES;
				CLANG_WARN_UNGUARDED_AVAILABILITY = YES_AGGRESSIVE;
				CLANG_WARN_UNREACHABLE_CODE = YES;
				CLANG_WARN__DUPLICATE_METHOD_MATCH = YES;
				COPY_PHASE_STRIP = NO;
				DEBUG_INFORMATION_FORMAT = dwarf;
				ENABLE_STRICT_OBJC_MSGSEND = YES;
				ENABLE_TESTABILITY = YES;
				GCC_C_LANGUAGE_STANDARD = gnu11;
				GCC_DYNAMIC_NO_PIC = NO;
				GCC_NO_COMMON_BLOCKS = YES;
				GCC_OPTIMIZATION_LEVEL = 0;
				GCC_PREPROCESSOR_DEFINITIONS = (
					"DEBUG=1",
					"$(inherited)",
				);
				GCC_WARN_64_TO_32_BIT_CONVERSION = YES;
				GCC_WARN_ABOUT_RETURN_TYPE = YES_ERROR;
				GCC_WARN_UNDECLARED_SELECTOR = YES;
				GCC_WARN_UNINITIALIZED_AUTOS = YES_AGGRESSIVE;
				GCC_WARN_UNUSED_FUNCTION = YES;
				GCC_WARN_UNUSED_VARIABLE = YES;
				IPHONEOS_DEPLOYMENT_TARGET = 14.3;
				MTL_ENABLE_DEBUG_INFO = INCLUDE_SOURCE;
				MTL_FAST_MATH = YES;
				ONLY_ACTIVE_ARCH = YES;
				SDKROOT = iphoneos;
				SWIFT_ACTIVE_COMPILATION_CONDITIONS = DEBUG;
				SWIFT_OPTIMIZATION_LEVEL = "-Onone";
			};
			name = Debug;
		};
		923FA55925A312DF0006ACA5 /* Release */ = {
			isa = XCBuildConfiguration;
			buildSettings = {
				ALWAYS_SEARCH_USER_PATHS = NO;
				CLANG_ANALYZER_NONNULL = YES;
				CLANG_ANALYZER_NUMBER_OBJECT_CONVERSION = YES_AGGRESSIVE;
				CLANG_CXX_LANGUAGE_STANDARD = "gnu++14";
				CLANG_CXX_LIBRARY = "libc++";
				CLANG_ENABLE_MODULES = YES;
				CLANG_ENABLE_OBJC_ARC = YES;
				CLANG_ENABLE_OBJC_WEAK = YES;
				CLANG_WARN_BLOCK_CAPTURE_AUTORELEASING = YES;
				CLANG_WARN_BOOL_CONVERSION = YES;
				CLANG_WARN_COMMA = YES;
				CLANG_WARN_CONSTANT_CONVERSION = YES;
				CLANG_WARN_DEPRECATED_OBJC_IMPLEMENTATIONS = YES;
				CLANG_WARN_DIRECT_OBJC_ISA_USAGE = YES_ERROR;
				CLANG_WARN_DOCUMENTATION_COMMENTS = YES;
				CLANG_WARN_EMPTY_BODY = YES;
				CLANG_WARN_ENUM_CONVERSION = YES;
				CLANG_WARN_INFINITE_RECURSION = YES;
				CLANG_WARN_INT_CONVERSION = YES;
				CLANG_WARN_NON_LITERAL_NULL_CONVERSION = YES;
				CLANG_WARN_OBJC_IMPLICIT_RETAIN_SELF = YES;
				CLANG_WARN_OBJC_LITERAL_CONVERSION = YES;
				CLANG_WARN_OBJC_ROOT_CLASS = YES_ERROR;
				CLANG_WARN_QUOTED_INCLUDE_IN_FRAMEWORK_HEADER = YES;
				CLANG_WARN_RANGE_LOOP_ANALYSIS = YES;
				CLANG_WARN_STRICT_PROTOTYPES = YES;
				CLANG_WARN_SUSPICIOUS_MOVE = YES;
				CLANG_WARN_UNGUARDED_AVAILABILITY = YES_AGGRESSIVE;
				CLANG_WARN_UNREACHABLE_CODE = YES;
				CLANG_WARN__DUPLICATE_METHOD_MATCH = YES;
				COPY_PHASE_STRIP = NO;
				DEBUG_INFORMATION_FORMAT = "dwarf-with-dsym";
				ENABLE_NS_ASSERTIONS = NO;
				ENABLE_STRICT_OBJC_MSGSEND = YES;
				GCC_C_LANGUAGE_STANDARD = gnu11;
				GCC_NO_COMMON_BLOCKS = YES;
				GCC_WARN_64_TO_32_BIT_CONVERSION = YES;
				GCC_WARN_ABOUT_RETURN_TYPE = YES_ERROR;
				GCC_WARN_UNDECLARED_SELECTOR = YES;
				GCC_WARN_UNINITIALIZED_AUTOS = YES_AGGRESSIVE;
				GCC_WARN_UNUSED_FUNCTION = YES;
				GCC_WARN_UNUSED_VARIABLE = YES;
				IPHONEOS_DEPLOYMENT_TARGET = 14.3;
				MTL_ENABLE_DEBUG_INFO = NO;
				MTL_FAST_MATH = YES;
				SDKROOT = iphoneos;
				SWIFT_COMPILATION_MODE = wholemodule;
				SWIFT_OPTIMIZATION_LEVEL = "-O";
				VALIDATE_PRODUCT = YES;
			};
			name = Release;
		};
		923FA55B25A312DF0006ACA5 /* Debug */ = {
			isa = XCBuildConfiguration;
			buildSettings = {
				ASSETCATALOG_COMPILER_APPICON_NAME = AppIcon;
				ASSETCATALOG_COMPILER_GLOBAL_ACCENT_COLOR_NAME = AccentColor;
				CODE_SIGN_STYLE = Automatic;
				INFOPLIST_FILE = projet/Info.plist;
				LD_RUNPATH_SEARCH_PATHS = (
					"$(inherited)",
					"@executable_path/Frameworks",
				);
				PRODUCT_BUNDLE_IDENTIFIER = lppro.projet;
				PRODUCT_NAME = "$(TARGET_NAME)";
				SWIFT_VERSION = 5.0;
				TARGETED_DEVICE_FAMILY = "1,2";
			};
			name = Debug;
		};
		923FA55C25A312DF0006ACA5 /* Release */ = {
			isa = XCBuildConfiguration;
			buildSettings = {
				ASSETCATALOG_COMPILER_APPICON_NAME = AppIcon;
				ASSETCATALOG_COMPILER_GLOBAL_ACCENT_COLOR_NAME = AccentColor;
				CODE_SIGN_STYLE = Automatic;
				INFOPLIST_FILE = projet/Info.plist;
				LD_RUNPATH_SEARCH_PATHS = (
					"$(inherited)",
					"@executable_path/Frameworks",
				);
				PRODUCT_BUNDLE_IDENTIFIER = lppro.projet;
				PRODUCT_NAME = "$(TARGET_NAME)";
				SWIFT_VERSION = 5.0;
				TARGETED_DEVICE_FAMILY = "1,2";
			};
			name = Release;
		};
/* End XCBuildConfiguration section */

/* Begin XCConfigurationList section */
		923FA54125A312D80006ACA5 /* Build configuration list for PBXProject "projet" */ = {
			isa = XCConfigurationList;
			buildConfigurations = (
				923FA55825A312DF0006ACA5 /* Debug */,
				923FA55925A312DF0006ACA5 /* Release */,
			);
			defaultConfigurationIsVisible = 0;
			defaultConfigurationName = Release;
		};
		923FA55A25A312DF0006ACA5 /* Build configuration list for PBXNativeTarget "projet" */ = {
			isa = XCConfigurationList;
			buildConfigurations = (
				923FA55B25A312DF0006ACA5 /* Debug */,
				923FA55C25A312DF0006ACA5 /* Release */,
			);
			defaultConfigurationIsVisible = 0;
			defaultConfigurationName = Release;
		};
/* End XCConfigurationList section */
	};
	rootObject = 923FA53E25A312D80006ACA5 /* Project object */;
}
